
Microsoft Visual Studio Solution File, Format Version 12.00
# Visual Studio Express 14 for Web
VisualStudioVersion = 14.0.24720.0
MinimumVisualStudioVersion = 10.0.40219.1
Project("{FAE04EC0-301F-11D3-BF4B-00C04F79EFBC}") = "MyFirstWebSite", "MyFirstWebSite\MyFirstWebSite.csproj", "{858795D5-7020-4122-A4A2-E87A19763D8F}"
EndProject
Global
	GlobalSection(SolutionConfigurationPlatforms) = preSolution
		Debug|Any CPU = Debug|Any CPU
		Release|Any CPU = Release|Any CPU
	EndGlobalSection
	GlobalSection(ProjectConfigurationPlatforms) = postSolution
		{858795D5-7020-4122-A4A2-E87A19763D8F}.Debug|Any CPU.ActiveCfg = Debug|Any CPU
		{858795D5-7020-4122-A4A2-E87A19763D8F}.Debug|Any CPU.Build.0 = Debug|Any CPU
		{858795D5-7020-4122-A4A2-E87A19763D8F}.Release|Any CPU.ActiveCfg = Release|Any CPU
		{858795D5-7020-4122-A4A2-E87A19763D8F}.Release|Any CPU.Build.0 = Release|Any CPU
	EndGlobalSection
	GlobalSection(SolutionProperties) = preSolution
		HideSolutionNode = FALSE
	EndGlobalSection
EndGlobal
